
Microsoft Visual Studio Solution File, Format Version 12.00
# Visual Studio 2012
Project("{FAE04EC0-301F-11D3-BF4B-00C04F79EFBC}") = "Wacotsu", "Wacotsu\Wacotsu.csproj", "{3CEDFDBB-B6D7-4D31-B737-77CCF70D0944}"
EndProject
Project("{FAE04EC0-301F-11D3-BF4B-00C04F79EFBC}") = "NiconicoApi", "NiconicoApi\NiconicoApi.csproj", "{EBFBB7BC-B235-487F-8E04-7CE821A9676E}"
EndProject
Project("{FAE04EC0-301F-11D3-BF4B-00C04F79EFBC}") = "VendorBrowser", "VendorBrowser\VendorBrowser.csproj", "{811527DC-E222-4688-B180-7985F883C634}"
EndProject
Project("{FAE04EC0-301F-11D3-BF4B-00C04F79EFBC}") = "WacotsuForm", "WacotsuForm\WacotsuForm.csproj", "{32FDBCF0-77FC-40FE-A29A-6AEEEBD6F0F6}"
EndProject
Global
	GlobalSection(SolutionConfigurationPlatforms) = preSolution
		Debug|Any CPU = Debug|Any CPU
		Release|Any CPU = Release|Any CPU
	EndGlobalSection
	GlobalSection(ProjectConfigurationPlatforms) = postSolution
		{3CEDFDBB-B6D7-4D31-B737-77CCF70D0944}.Debug|Any CPU.ActiveCfg = Debug|Any CPU
		{3CEDFDBB-B6D7-4D31-B737-77CCF70D0944}.Debug|Any CPU.Build.0 = Debug|Any CPU
		{3CEDFDBB-B6D7-4D31-B737-77CCF70D0944}.Release|Any CPU.ActiveCfg = Release|Any CPU
		{3CEDFDBB-B6D7-4D31-B737-77CCF70D0944}.Release|Any CPU.Build.0 = Release|Any CPU
		{EBFBB7BC-B235-487F-8E04-7CE821A9676E}.Debug|Any CPU.ActiveCfg = Debug|Any CPU
		{EBFBB7BC-B235-487F-8E04-7CE821A9676E}.Debug|Any CPU.Build.0 = Debug|Any CPU
		{EBFBB7BC-B235-487F-8E04-7CE821A9676E}.Release|Any CPU.ActiveCfg = Release|Any CPU
		{EBFBB7BC-B235-487F-8E04-7CE821A9676E}.Release|Any CPU.Build.0 = Release|Any CPU
		{811527DC-E222-4688-B180-7985F883C634}.Debug|Any CPU.ActiveCfg = Debug|Any CPU
		{811527DC-E222-4688-B180-7985F883C634}.Debug|Any CPU.Build.0 = Debug|Any CPU
		{811527DC-E222-4688-B180-7985F883C634}.Release|Any CPU.ActiveCfg = Release|Any CPU
		{811527DC-E222-4688-B180-7985F883C634}.Release|Any CPU.Build.0 = Release|Any CPU
		{32FDBCF0-77FC-40FE-A29A-6AEEEBD6F0F6}.Debug|Any CPU.ActiveCfg = Debug|Any CPU
		{32FDBCF0-77FC-40FE-A29A-6AEEEBD6F0F6}.Debug|Any CPU.Build.0 = Debug|Any CPU
		{32FDBCF0-77FC-40FE-A29A-6AEEEBD6F0F6}.Release|Any CPU.ActiveCfg = Release|Any CPU
		{32FDBCF0-77FC-40FE-A29A-6AEEEBD6F0F6}.Release|Any CPU.Build.0 = Release|Any CPU
	EndGlobalSection
	GlobalSection(SolutionProperties) = preSolution
		HideSolutionNode = FALSE
	EndGlobalSection
EndGlobal
